
Microsoft Visual Studio Solution File, Format Version 12.00
# Visual Studio Version 17
VisualStudioVersion = 17.13.35828.75 d17.13
MinimumVisualStudioVersion = 10.0.40219.1
Project("{FAE04EC0-301F-11D3-BF4B-00C04F79EFBC}") = "atividade_Avaliativa", "atividade_Avaliativa\atividade_Avaliativa.csproj", "{4069A385-7F22-4F93-8A29-BE76F4FAB48E}"
EndProject
Global
	GlobalSection(SolutionConfigurationPlatforms) = preSolution
		Debug|Any CPU = Debug|Any CPU
		Release|Any CPU = Release|Any CPU
	EndGlobalSection
	GlobalSection(ProjectConfigurationPlatforms) = postSolution
		{4069A385-7F22-4F93-8A29-BE76F4FAB48E}.Debug|Any CPU.ActiveCfg = Debug|Any CPU
		{4069A385-7F22-4F93-8A29-BE76F4FAB48E}.Debug|Any CPU.Build.0 = Debug|Any CPU
		{4069A385-7F22-4F93-8A29-BE76F4FAB48E}.Release|Any CPU.ActiveCfg = Release|Any CPU
		{4069A385-7F22-4F93-8A29-BE76F4FAB48E}.Release|Any CPU.Build.0 = Release|Any CPU
	EndGlobalSection
	GlobalSection(SolutionProperties) = preSolution
		HideSolutionNode = FALSE
	EndGlobalSection
	GlobalSection(ExtensibilityGlobals) = postSolution
		SolutionGuid = {04E44C84-A7A1-4D28-9AC1-0AE96985B2AD}
	EndGlobalSection
EndGlobal
